
Microsoft Visual Studio Solution File, Format Version 12.00
# Visual Studio 15
VisualStudioVersion = 15.0.27130.2003
MinimumVisualStudioVersion = 10.0.40219.1
Project("{FAE04EC0-301F-11D3-BF4B-00C04F79EFBC}") = "SmartChord.Parser", "src\SmartChord.Parser\SmartChord.Parser.csproj", "{1E398D28-52A3-4354-8471-656CC56B4709}"
EndProject
Project("{FAE04EC0-301F-11D3-BF4B-00C04F79EFBC}") = "SmartChord.Transpose", "src\SmartChord.Transposer\SmartChord.Transpose.csproj", "{23E44234-858C-4C8F-9A47-60D9178E637B}"
EndProject
Project("{2150E333-8FDC-42A3-9474-1A3956D46DE8}") = "src", "src", "{781CFE15-039E-4BB9-BD09-DA693BC5B938}"
EndProject
Project("{2150E333-8FDC-42A3-9474-1A3956D46DE8}") = "tests", "tests", "{4C49672D-A178-4478-9FE7-5CF813568128}"
EndProject
Project("{FAE04EC0-301F-11D3-BF4B-00C04F79EFBC}") = "SmartChord.Parser.Tests", "tests\SmartChord.Parser.Tests\SmartChord.Parser.Tests.csproj", "{BF1B48B3-32B8-4866-9B16-0ED25B4238E0}"
EndProject
Project("{FAE04EC0-301F-11D3-BF4B-00C04F79EFBC}") = "SmartChord.Transposer.Tests", "tests\SmartChord.Transposer.Tests\SmartChord.Transposer.Tests.csproj", "{A5121476-4284-4CD0-A54B-ECC930A3AE2E}"
EndProject
Project("{2150E333-8FDC-42A3-9474-1A3956D46DE8}") = "hosts", "hosts", "{FADB2161-2458-4379-8F4A-5D78A1B22159}"
EndProject
Project("{FAE04EC0-301F-11D3-BF4B-00C04F79EFBC}") = "SmartChord.Extractions", "src\SmartChord.Extractions\SmartChord.Extractions.csproj", "{611FFAD0-5E9E-4DCF-98F6-98496DE8E347}"
EndProject
Project("{FAE04EC0-301F-11D3-BF4B-00C04F79EFBC}") = "SmartChord.ChordSheets", "src\Components\SmartChord.ChordSheets\SmartChord.ChordSheets.csproj", "{6EF51324-3ACE-41D0-8DBC-7B0B01F62CCF}"
EndProject
Project("{2150E333-8FDC-42A3-9474-1A3956D46DE8}") = "components", "components", "{DA783A6B-AAB8-426E-8E6D-95A6B4C76794}"
EndProject
Project("{FAE04EC0-301F-11D3-BF4B-00C04F79EFBC}") = "SmartChord.Cli", "src\Hosts\SmartChord.Cli\SmartChord.Cli.csproj", "{E1B5F70C-61DB-4B9A-B73F-F3FD52F2D2D9}"
EndProject
Project("{FAE04EC0-301F-11D3-BF4B-00C04F79EFBC}") = "SmartChord.Desktop", "src\Hosts\SmartChord.Desktop\SmartChord.Desktop.csproj", "{687144DD-22F0-4985-905C-5021DBEEA219}"
EndProject
Project("{2150E333-8FDC-42A3-9474-1A3956D46DE8}") = "hosts", "hosts", "{3BAAE208-E0E6-4E63-AFC6-A2D2CF126894}"
EndProject
Project("{2150E333-8FDC-42A3-9474-1A3956D46DE8}") = "components", "components", "{DD992A25-7439-4A85-8733-8651D9F51DE3}"
EndProject
Project("{FAE04EC0-301F-11D3-BF4B-00C04F79EFBC}") = "SmartChord.Desktop.Tests", "tests\hosts\SmartChord.Desktop.Tests\SmartChord.Desktop.Tests.csproj", "{9719173D-CACD-4EBE-9101-D8F0DE81EFEE}"
EndProject
Global
	GlobalSection(SolutionConfigurationPlatforms) = preSolution
		Debug|Any CPU = Debug|Any CPU
		Release|Any CPU = Release|Any CPU
	EndGlobalSection
	GlobalSection(ProjectConfigurationPlatforms) = postSolution
		{1E398D28-52A3-4354-8471-656CC56B4709}.Debug|Any CPU.ActiveCfg = Debug|Any CPU
		{1E398D28-52A3-4354-8471-656CC56B4709}.Debug|Any CPU.Build.0 = Debug|Any CPU
		{1E398D28-52A3-4354-8471-656CC56B4709}.Release|Any CPU.ActiveCfg = Release|Any CPU
		{1E398D28-52A3-4354-8471-656CC56B4709}.Release|Any CPU.Build.0 = Release|Any CPU
		{23E44234-858C-4C8F-9A47-60D9178E637B}.Debug|Any CPU.ActiveCfg = Debug|Any CPU
		{23E44234-858C-4C8F-9A47-60D9178E637B}.Debug|Any CPU.Build.0 = Debug|Any CPU
		{23E44234-858C-4C8F-9A47-60D9178E637B}.Release|Any CPU.ActiveCfg = Release|Any CPU
		{23E44234-858C-4C8F-9A47-60D9178E637B}.Release|Any CPU.Build.0 = Release|Any CPU
		{BF1B48B3-32B8-4866-9B16-0ED25B4238E0}.Debug|Any CPU.ActiveCfg = Debug|Any CPU
		{BF1B48B3-32B8-4866-9B16-0ED25B4238E0}.Debug|Any CPU.Build.0 = Debug|Any CPU
		{BF1B48B3-32B8-4866-9B16-0ED25B4238E0}.Release|Any CPU.ActiveCfg = Release|Any CPU
		{BF1B48B3-32B8-4866-9B16-0ED25B4238E0}.Release|Any CPU.Build.0 = Release|Any CPU
		{A5121476-4284-4CD0-A54B-ECC930A3AE2E}.Debug|Any CPU.ActiveCfg = Debug|Any CPU
		{A5121476-4284-4CD0-A54B-ECC930A3AE2E}.Debug|Any CPU.Build.0 = Debug|Any CPU
		{A5121476-4284-4CD0-A54B-ECC930A3AE2E}.Release|Any CPU.ActiveCfg = Release|Any CPU
		{A5121476-4284-4CD0-A54B-ECC930A3AE2E}.Release|Any CPU.Build.0 = Release|Any CPU
		{611FFAD0-5E9E-4DCF-98F6-98496DE8E347}.Debug|Any CPU.ActiveCfg = Debug|Any CPU
		{611FFAD0-5E9E-4DCF-98F6-98496DE8E347}.Debug|Any CPU.Build.0 = Debug|Any CPU
		{611FFAD0-5E9E-4DCF-98F6-98496DE8E347}.Release|Any CPU.ActiveCfg = Release|Any CPU
		{611FFAD0-5E9E-4DCF-98F6-98496DE8E347}.Release|Any CPU.Build.0 = Release|Any CPU
		{6EF51324-3ACE-41D0-8DBC-7B0B01F62CCF}.Debug|Any CPU.ActiveCfg = Debug|Any CPU
		{6EF51324-3ACE-41D0-8DBC-7B0B01F62CCF}.Debug|Any CPU.Build.0 = Debug|Any CPU
		{6EF51324-3ACE-41D0-8DBC-7B0B01F62CCF}.Release|Any CPU.ActiveCfg = Release|Any CPU
		{6EF51324-3ACE-41D0-8DBC-7B0B01F62CCF}.Release|Any CPU.Build.0 = Release|Any CPU
		{E1B5F70C-61DB-4B9A-B73F-F3FD52F2D2D9}.Debug|Any CPU.ActiveCfg = Debug|Any CPU
		{E1B5F70C-61DB-4B9A-B73F-F3FD52F2D2D9}.Debug|Any CPU.Build.0 = Debug|Any CPU
		{E1B5F70C-61DB-4B9A-B73F-F3FD52F2D2D9}.Release|Any CPU.ActiveCfg = Release|Any CPU
		{E1B5F70C-61DB-4B9A-B73F-F3FD52F2D2D9}.Release|Any CPU.Build.0 = Release|Any CPU
		{687144DD-22F0-4985-905C-5021DBEEA219}.Debug|Any CPU.ActiveCfg = Debug|Any CPU
		{687144DD-22F0-4985-905C-5021DBEEA219}.Debug|Any CPU.Build.0 = Debug|Any CPU
		{687144DD-22F0-4985-905C-5021DBEEA219}.Release|Any CPU.ActiveCfg = Release|Any CPU
		{687144DD-22F0-4985-905C-5021DBEEA219}.Release|Any CPU.Build.0 = Release|Any CPU
		{9719173D-CACD-4EBE-9101-D8F0DE81EFEE}.Debug|Any CPU.ActiveCfg = Debug|Any CPU
		{9719173D-CACD-4EBE-9101-D8F0DE81EFEE}.Debug|Any CPU.Build.0 = Debug|Any CPU
		{9719173D-CACD-4EBE-9101-D8F0DE81EFEE}.Release|Any CPU.ActiveCfg = Release|Any CPU
		{9719173D-CACD-4EBE-9101-D8F0DE81EFEE}.Release|Any CPU.Build.0 = Release|Any CPU
	EndGlobalSection
	GlobalSection(SolutionProperties) = preSolution
		HideSolutionNode = FALSE
	EndGlobalSection
	GlobalSection(NestedProjects) = preSolution
		{1E398D28-52A3-4354-8471-656CC56B4709} = {781CFE15-039E-4BB9-BD09-DA693BC5B938}
		{23E44234-858C-4C8F-9A47-60D9178E637B} = {781CFE15-039E-4BB9-BD09-DA693BC5B938}
		{BF1B48B3-32B8-4866-9B16-0ED25B4238E0} = {DD992A25-7439-4A85-8733-8651D9F51DE3}
		{A5121476-4284-4CD0-A54B-ECC930A3AE2E} = {DD992A25-7439-4A85-8733-8651D9F51DE3}
		{FADB2161-2458-4379-8F4A-5D78A1B22159} = {781CFE15-039E-4BB9-BD09-DA693BC5B938}
		{611FFAD0-5E9E-4DCF-98F6-98496DE8E347} = {781CFE15-039E-4BB9-BD09-DA693BC5B938}
		{6EF51324-3ACE-41D0-8DBC-7B0B01F62CCF} = {DA783A6B-AAB8-426E-8E6D-95A6B4C76794}
		{DA783A6B-AAB8-426E-8E6D-95A6B4C76794} = {781CFE15-039E-4BB9-BD09-DA693BC5B938}
		{E1B5F70C-61DB-4B9A-B73F-F3FD52F2D2D9} = {FADB2161-2458-4379-8F4A-5D78A1B22159}
		{687144DD-22F0-4985-905C-5021DBEEA219} = {FADB2161-2458-4379-8F4A-5D78A1B22159}
		{3BAAE208-E0E6-4E63-AFC6-A2D2CF126894} = {4C49672D-A178-4478-9FE7-5CF813568128}
		{DD992A25-7439-4A85-8733-8651D9F51DE3} = {4C49672D-A178-4478-9FE7-5CF813568128}
		{9719173D-CACD-4EBE-9101-D8F0DE81EFEE} = {3BAAE208-E0E6-4E63-AFC6-A2D2CF126894}
	EndGlobalSection
	GlobalSection(ExtensibilityGlobals) = postSolution
		SolutionGuid = {B3CC8026-180C-423F-B6DC-C672241B6ACE}
	EndGlobalSection
EndGlobal
